
Microsoft Visual Studio Solution File, Format Version 12.00
# Visual Studio 15
Project("{FAE04EC0-301F-11D3-BF4B-00C04F79EFBC}") = "Exceptions", "Exceptions\Exceptions.csproj", "{8C62823B-C607-4892-82FB-238B7871752E}"
EndProject
Global
	GlobalSection(SolutionConfigurationPlatforms) = preSolution
		Debug|anycpu = Debug|anycpu
		Release|anycpu = Release|anycpu
	EndGlobalSection
	GlobalSection(ProjectConfigurationPlatforms) = postSolution
		{8C62823B-C607-4892-82FB-238B7871752E}.Debug|anycpu.ActiveCfg = Debug|anycpu
		{8C62823B-C607-4892-82FB-238B7871752E}.Debug|anycpu.Build.0 = Debug|anycpu
		{8C62823B-C607-4892-82FB-238B7871752E}.Release|anycpu.ActiveCfg = Release|anycpu
		{8C62823B-C607-4892-82FB-238B7871752E}.Release|anycpu.Build.0 = Release|anycpu
	EndGlobalSection
EndGlobal
