
Microsoft Visual Studio Solution File, Format Version 12.00
# Visual Studio 15
Project("{FAE04EC0-301F-11D3-BF4B-00C04F79EFBC}") = "Lab5", "Lab5\Lab5.csproj", "{00EFD8B7-00BD-4326-83F0-DC45CEE643E5}"
EndProject
Global
	GlobalSection(SolutionConfigurationPlatforms) = preSolution
		Debug|anycpu = Debug|anycpu
		Release|anycpu = Release|anycpu
	EndGlobalSection
	GlobalSection(ProjectConfigurationPlatforms) = postSolution
		{00EFD8B7-00BD-4326-83F0-DC45CEE643E5}.Debug|anycpu.ActiveCfg = Debug|anycpu
		{00EFD8B7-00BD-4326-83F0-DC45CEE643E5}.Debug|anycpu.Build.0 = Debug|anycpu
		{00EFD8B7-00BD-4326-83F0-DC45CEE643E5}.Release|anycpu.ActiveCfg = Release|anycpu
		{00EFD8B7-00BD-4326-83F0-DC45CEE643E5}.Release|anycpu.Build.0 = Release|anycpu
	EndGlobalSection
EndGlobal
