
Microsoft Visual Studio Solution File, Format Version 12.00
# Visual Studio 15
Project("{FAE04EC0-301F-11D3-BF4B-00C04F79EFBC}") = "fuckvisual", "fuckvisual\fuckvisual.csproj", "{8FDC7744-997A-438F-9619-ABBDC16F0CCB}"
EndProject
Global
	GlobalSection(SolutionConfigurationPlatforms) = preSolution
		Debug|anycpu = Debug|anycpu
		Release|anycpu = Release|anycpu
	EndGlobalSection
	GlobalSection(ProjectConfigurationPlatforms) = postSolution
		{8FDC7744-997A-438F-9619-ABBDC16F0CCB}.Debug|anycpu.ActiveCfg = Debug|anycpu
		{8FDC7744-997A-438F-9619-ABBDC16F0CCB}.Debug|anycpu.Build.0 = Debug|anycpu
		{8FDC7744-997A-438F-9619-ABBDC16F0CCB}.Release|anycpu.ActiveCfg = Release|anycpu
		{8FDC7744-997A-438F-9619-ABBDC16F0CCB}.Release|anycpu.Build.0 = Release|anycpu
	EndGlobalSection
EndGlobal
