
Microsoft Visual Studio Solution File, Format Version 12.00
# Visual Studio 15
Project("{FAE04EC0-301F-11D3-BF4B-00C04F79EFBC}") = "week10", "week10\week10.csproj", "{349D7682-4DB8-4D41-838E-234B1EA94484}"
EndProject
Global
	GlobalSection(SolutionConfigurationPlatforms) = preSolution
		Debug|anycpu = Debug|anycpu
		Release|anycpu = Release|anycpu
	EndGlobalSection
	GlobalSection(ProjectConfigurationPlatforms) = postSolution
		{349D7682-4DB8-4D41-838E-234B1EA94484}.Debug|anycpu.ActiveCfg = Debug|anycpu
		{349D7682-4DB8-4D41-838E-234B1EA94484}.Debug|anycpu.Build.0 = Debug|anycpu
		{349D7682-4DB8-4D41-838E-234B1EA94484}.Release|anycpu.ActiveCfg = Release|anycpu
		{349D7682-4DB8-4D41-838E-234B1EA94484}.Release|anycpu.Build.0 = Release|anycpu
	EndGlobalSection
EndGlobal
