
Microsoft Visual Studio Solution File, Format Version 12.00
# Visual Studio 15
Project("{FAE04EC0-301F-11D3-BF4B-00C04F79EFBC}") = "AbianshKumananLab1", "AbianshKumanan\AbianshKumananLab1.csproj", "{FB42D14D-41E7-4742-961D-DD85649EE212}"
EndProject
Global
	GlobalSection(SolutionConfigurationPlatforms) = preSolution
		Debug|anycpu = Debug|anycpu
		Release|anycpu = Release|anycpu
	EndGlobalSection
	GlobalSection(ProjectConfigurationPlatforms) = postSolution
		{FB42D14D-41E7-4742-961D-DD85649EE212}.Debug|anycpu.ActiveCfg = Debug|anycpu
		{FB42D14D-41E7-4742-961D-DD85649EE212}.Debug|anycpu.Build.0 = Debug|anycpu
		{FB42D14D-41E7-4742-961D-DD85649EE212}.Release|anycpu.ActiveCfg = Release|anycpu
		{FB42D14D-41E7-4742-961D-DD85649EE212}.Release|anycpu.Build.0 = Release|anycpu
	EndGlobalSection
EndGlobal
