
Microsoft Visual Studio Solution File, Format Version 12.00
# Visual Studio 15
Project("{FAE04EC0-301F-11D3-BF4B-00C04F79EFBC}") = "LAb2_", "LAb2_\LAb2_.csproj", "{9F51203A-4052-4EAE-972B-CF6D2ABA2577}"
EndProject
Global
	GlobalSection(SolutionConfigurationPlatforms) = preSolution
		Debug|Any CPU = Debug|Any CPU
		Release|Any CPU = Release|Any CPU
	EndGlobalSection
	GlobalSection(ProjectConfigurationPlatforms) = postSolution
		{9F51203A-4052-4EAE-972B-CF6D2ABA2577}.Debug|Any CPU.ActiveCfg = Debug|Any CPU
		{9F51203A-4052-4EAE-972B-CF6D2ABA2577}.Debug|Any CPU.Build.0 = Debug|Any CPU
		{9F51203A-4052-4EAE-972B-CF6D2ABA2577}.Release|Any CPU.ActiveCfg = Release|Any CPU
		{9F51203A-4052-4EAE-972B-CF6D2ABA2577}.Release|Any CPU.Build.0 = Release|Any CPU
	EndGlobalSection
EndGlobal
